
Microsoft Visual Studio Solution File, Format Version 12.00
# Visual Studio 2012
# SharpDevelop 4.4
VisualStudioVersion = 12.0.20827.3
MinimumVisualStudioVersion = 10.0.40219.1
Project("{2150E333-8FDC-42A3-9474-1A3956D46DE8}") = "Solution Items", "Solution Items", "{1CF945D7-2DFF-4C0D-B368-19539028D6D2}"
	ProjectSection(SolutionItems) = postProject
	EndProjectSection
EndProject
Project("{F184B08F-C81C-45F6-A57F-5ABD9991F28F}") = "TrainingScheduler", "TrainingScheduler\TrainingScheduler.vbproj", "{5FE439BA-DE3B-472B-9E7C-FC49BF9F4529}"
EndProject
Global
	GlobalSection(SolutionConfigurationPlatforms) = preSolution
		Debug|x86 = Debug|x86
		Release|x86 = Release|x86
		Debug|64bit = Debug|64bit
		Release|64bit = Release|64bit
	EndGlobalSection
	GlobalSection(ProjectConfigurationPlatforms) = postSolution
		{5FE439BA-DE3B-472B-9E7C-FC49BF9F4529}.Debug|x86.ActiveCfg = Debug|x86
		{5FE439BA-DE3B-472B-9E7C-FC49BF9F4529}.Debug|x86.Build.0 = Debug|x86
		{5FE439BA-DE3B-472B-9E7C-FC49BF9F4529}.Release|x86.ActiveCfg = Release|x86
		{5FE439BA-DE3B-472B-9E7C-FC49BF9F4529}.Release|x86.Build.0 = Release|x86
		{5FE439BA-DE3B-472B-9E7C-FC49BF9F4529}.Debug|64bit.Build.0 = Debug|x86
		{5FE439BA-DE3B-472B-9E7C-FC49BF9F4529}.Debug|64bit.ActiveCfg = Debug|x86
		{5FE439BA-DE3B-472B-9E7C-FC49BF9F4529}.Release|64bit.Build.0 = Debug|x86
		{5FE439BA-DE3B-472B-9E7C-FC49BF9F4529}.Release|64bit.ActiveCfg = Debug|x86
	EndGlobalSection
EndGlobal
